
Microsoft Visual Studio Solution File, Format Version 12.00
# Visual Studio Version 17
VisualStudioVersion = 17.5.002.0
MinimumVisualStudioVersion = 10.0.40219.1
Project("{9A19103F-16F7-4668-BE54-9A1E7A4F7556}") = "SqlProject", "SqlProject.csproj", "{AF959E8D-3E4A-4F62-A8A8-40BE573643F7}"
EndProject
Global
	GlobalSection(SolutionConfigurationPlatforms) = preSolution
		Debug|Any CPU = Debug|Any CPU
		Release|Any CPU = Release|Any CPU
	EndGlobalSection
	GlobalSection(ProjectConfigurationPlatforms) = postSolution
		{AF959E8D-3E4A-4F62-A8A8-40BE573643F7}.Debug|Any CPU.ActiveCfg = Debug|Any CPU
		{AF959E8D-3E4A-4F62-A8A8-40BE573643F7}.Debug|Any CPU.Build.0 = Debug|Any CPU
		{AF959E8D-3E4A-4F62-A8A8-40BE573643F7}.Release|Any CPU.ActiveCfg = Release|Any CPU
		{AF959E8D-3E4A-4F62-A8A8-40BE573643F7}.Release|Any CPU.Build.0 = Release|Any CPU
	EndGlobalSection
	GlobalSection(SolutionProperties) = preSolution
		HideSolutionNode = FALSE
	EndGlobalSection
	GlobalSection(ExtensibilityGlobals) = postSolution
		SolutionGuid = {7B72D214-5744-493B-B86F-758C04D48E24}
	EndGlobalSection
EndGlobal
